PODS:
  - DbyGms (0.1.4):
    - SocketIO
  - SocketIO (0.1.3):
    - Starscream
  - Starscream (0.1.3)

DEPENDENCIES:
  - DbyGms (from `./DbyGms.podspec`)
  - SocketIO (from `./SocketIO.podspec`)
  - Starscream (from `./Starscream.podspec`)

EXTERNAL SOURCES:
  DbyGms:
    :path: "./DbyGms.podspec"
  SocketIO:
    :path: "./SocketIO.podspec"
  Starscream:
    :path: "./Starscream.podspec"

SPEC CHECKSUMS:
  DbyGms: a795b9f53e81fc4e628442d56b8080d99cf09767
  SocketIO: 86ff694698b215696eb2c4a728d7b1be61931252
  Starscream: 30b9c8e3dcaadb1467caadd371bf4291277badf4

PODFILE CHECKSUM: c80bc64547847bcdaa3d6d63344a545529d2c32f

COCOAPODS: 1.9.1
