PODS:
  - RZGMS (1.0.0):
    - SocketIO
  - SocketIO (0.1.3):
    - Starscream
  - Starscream (0.1.3)

DEPENDENCIES:
  - RZGMS (from `./frameworks/RZGMS.podspec`)
  - SocketIO (from `./frameworks/SocketIO.podspec`)
  - Starscream (from `./frameworks/Starscream.podspec`)

EXTERNAL SOURCES:
  RZGMS:
    :path: "./frameworks/RZGMS.podspec"
  SocketIO:
    :path: "./frameworks/SocketIO.podspec"
  Starscream:
    :path: "./frameworks/Starscream.podspec"

SPEC CHECKSUMS:
  RZGMS: 691d20c0699841ec675c5d97c4157c1b77f0de04
  SocketIO: 740f65ee66d0bc40870445f4ec0bc6b62de7f6a4
  Starscream: 1b0d96b8fc21636ca9832971939e21bf9924d2cd

PODFILE CHECKSUM: f8d85c26fe8cba173637fa9a7e89a4bb7e8d1771

COCOAPODS: 1.10.0
