PODS:
  - DbyGms (0.1.2):
    - Socket.IO-Client-Swift
  - Socket.IO-Client-Swift (15.2.0):
    - Starscream (~> 3.1)
  - Starscream (3.1.1)

DEPENDENCIES:
  - DbyGms (from `./DbyGms.podspec`)

SPEC REPOS:
  trunk:
    - Socket.IO-Client-Swift
    - Starscream

EXTERNAL SOURCES:
  DbyGms:
    :path: "./DbyGms.podspec"

SPEC CHECKSUMS:
  DbyGms: f3bd9c1bf7ed40f334c8602566b77eb974c9cd55
  Socket.IO-Client-Swift: 1e3e3a1f09f3312a167f0d781eb2f383d477357c
  Starscream: 4bb2f9942274833f7b4d296a55504dcfc7edb7b0

PODFILE CHECKSUM: b6c02d08f7d6d87a1ddc618fc01360c3b563b5f7

COCOAPODS: 1.9.1
